
Microsoft Visual Studio Solution File, Format Version 12.00
# Visual Studio Version 17
VisualStudioVersion = 17.4.33213.308
MinimumVisualStudioVersion = 10.0.40219.1
Project("{9A19103F-16F7-4668-BE54-9A1E7A4F7556}") = "DebtTracker.DAL", "DebtTracker.DAL\DebtTracker.DAL.csproj", "{0F04C54F-02CD-4014-B330-8ED79C7C7800}"
EndProject
Project("{2150E333-8FDC-42A3-9474-1A3956D46DE8}") = "Source", "Source", "{2C8D1250-F77D-427D-9751-6FADC0A226C4}"
EndProject
Project("{2150E333-8FDC-42A3-9474-1A3956D46DE8}") = "Tests", "Tests", "{F20F0026-8471-4B2E-8971-46B535903F71}"
EndProject
Project("{9A19103F-16F7-4668-BE54-9A1E7A4F7556}") = "DebtTracker.DAL.Tests", "DebtTracker.DAL.Tests\DebtTracker.DAL.Tests.csproj", "{E75BA7A3-4A28-460B-959E-50AB011819C0}"
EndProject
Project("{9A19103F-16F7-4668-BE54-9A1E7A4F7556}") = "DebtTracker.Common.Tests", "DebtTracker.Common.Tests\DebtTracker.Common.Tests.csproj", "{C5D6D149-E47C-438D-967B-267D3AF4BFC0}"
EndProject
Project("{9A19103F-16F7-4668-BE54-9A1E7A4F7556}") = "DebtTracker.BL", "DebtTracker.BL\DebtTracker.BL.csproj", "{D2675359-3A91-4386-8C35-09332266234D}"
EndProject
Project("{9A19103F-16F7-4668-BE54-9A1E7A4F7556}") = "DebtTracker.BL.Tests", "DebtTracker.BL.Tests\DebtTracker.BL.Tests.csproj", "{AAF95182-B6E5-4E99-8966-AADC9B535FCF}"
EndProject
Project("{2150E333-8FDC-42A3-9474-1A3956D46DE8}") = "Api", "Api", "{7DDDE12D-2330-4098-8498-9E8BD95DD45F}"
EndProject
Project("{FAE04EC0-301F-11D3-BF4B-00C04F79EFBC}") = "DebtTracker.Api", "DebtTracker.Api\DebtTracker.Api.csproj", "{4A2C6E96-AB9A-4342-80BB-F596CCD51FBD}"
EndProject
Global
	GlobalSection(SolutionConfigurationPlatforms) = preSolution
		Debug|Any CPU = Debug|Any CPU
		Release|Any CPU = Release|Any CPU
	EndGlobalSection
	GlobalSection(ProjectConfigurationPlatforms) = postSolution
		{0F04C54F-02CD-4014-B330-8ED79C7C7800}.Debug|Any CPU.ActiveCfg = Debug|Any CPU
		{0F04C54F-02CD-4014-B330-8ED79C7C7800}.Debug|Any CPU.Build.0 = Debug|Any CPU
		{0F04C54F-02CD-4014-B330-8ED79C7C7800}.Release|Any CPU.ActiveCfg = Release|Any CPU
		{0F04C54F-02CD-4014-B330-8ED79C7C7800}.Release|Any CPU.Build.0 = Release|Any CPU
		{E75BA7A3-4A28-460B-959E-50AB011819C0}.Debug|Any CPU.ActiveCfg = Debug|Any CPU
		{E75BA7A3-4A28-460B-959E-50AB011819C0}.Debug|Any CPU.Build.0 = Debug|Any CPU
		{E75BA7A3-4A28-460B-959E-50AB011819C0}.Release|Any CPU.ActiveCfg = Release|Any CPU
		{E75BA7A3-4A28-460B-959E-50AB011819C0}.Release|Any CPU.Build.0 = Release|Any CPU
		{C5D6D149-E47C-438D-967B-267D3AF4BFC0}.Debug|Any CPU.ActiveCfg = Debug|Any CPU
		{C5D6D149-E47C-438D-967B-267D3AF4BFC0}.Debug|Any CPU.Build.0 = Debug|Any CPU
		{C5D6D149-E47C-438D-967B-267D3AF4BFC0}.Release|Any CPU.ActiveCfg = Release|Any CPU
		{C5D6D149-E47C-438D-967B-267D3AF4BFC0}.Release|Any CPU.Build.0 = Release|Any CPU
		{D2675359-3A91-4386-8C35-09332266234D}.Debug|Any CPU.ActiveCfg = Debug|Any CPU
		{D2675359-3A91-4386-8C35-09332266234D}.Debug|Any CPU.Build.0 = Debug|Any CPU
		{D2675359-3A91-4386-8C35-09332266234D}.Release|Any CPU.ActiveCfg = Release|Any CPU
		{D2675359-3A91-4386-8C35-09332266234D}.Release|Any CPU.Build.0 = Release|Any CPU
		{AAF95182-B6E5-4E99-8966-AADC9B535FCF}.Debug|Any CPU.ActiveCfg = Debug|Any CPU
		{AAF95182-B6E5-4E99-8966-AADC9B535FCF}.Debug|Any CPU.Build.0 = Debug|Any CPU
		{AAF95182-B6E5-4E99-8966-AADC9B535FCF}.Release|Any CPU.ActiveCfg = Release|Any CPU
		{AAF95182-B6E5-4E99-8966-AADC9B535FCF}.Release|Any CPU.Build.0 = Release|Any CPU
		{4A2C6E96-AB9A-4342-80BB-F596CCD51FBD}.Debug|Any CPU.ActiveCfg = Debug|Any CPU
		{4A2C6E96-AB9A-4342-80BB-F596CCD51FBD}.Debug|Any CPU.Build.0 = Debug|Any CPU
		{4A2C6E96-AB9A-4342-80BB-F596CCD51FBD}.Release|Any CPU.ActiveCfg = Release|Any CPU
		{4A2C6E96-AB9A-4342-80BB-F596CCD51FBD}.Release|Any CPU.Build.0 = Release|Any CPU
	EndGlobalSection
	GlobalSection(SolutionProperties) = preSolution
		HideSolutionNode = FALSE
	EndGlobalSection
	GlobalSection(NestedProjects) = preSolution
		{0F04C54F-02CD-4014-B330-8ED79C7C7800} = {7DDDE12D-2330-4098-8498-9E8BD95DD45F}
		{E75BA7A3-4A28-460B-959E-50AB011819C0} = {F20F0026-8471-4B2E-8971-46B535903F71}
		{C5D6D149-E47C-438D-967B-267D3AF4BFC0} = {F20F0026-8471-4B2E-8971-46B535903F71}
		{D2675359-3A91-4386-8C35-09332266234D} = {7DDDE12D-2330-4098-8498-9E8BD95DD45F}
		{AAF95182-B6E5-4E99-8966-AADC9B535FCF} = {F20F0026-8471-4B2E-8971-46B535903F71}
		{7DDDE12D-2330-4098-8498-9E8BD95DD45F} = {2C8D1250-F77D-427D-9751-6FADC0A226C4}
		{4A2C6E96-AB9A-4342-80BB-F596CCD51FBD} = {7DDDE12D-2330-4098-8498-9E8BD95DD45F}
	EndGlobalSection
	GlobalSection(ExtensibilityGlobals) = postSolution
		SolutionGuid = {3E1E30BD-F2D9-4643-9083-3C8293443948}
	EndGlobalSection
EndGlobal
